// !$*UTF8*$!
{
	archiveVersion = 1;
	classes = {
	};
	objectVersion = 46;
	objects = {

/* Begin PBXBuildFile section */
		1B04F0011B0ABD1100DF30B3 /* CVCalendarContentDelegate.swift in Sources */ = {isa = PBXBuildFile; fileRef = 1B04EFED1B0ABD1100DF30B3 /* CVCalendarContentDelegate.swift */; settings = {COMPILER_FLAGS = "-w"; }; };
		1B04F0021B0ABD1100DF30B3 /* CVCalendarContentViewController.swift in Sources */ = {isa = PBXBuildFile; fileRef = 1B04EFEE1B0ABD1100DF30B3 /* CVCalendarContentViewController.swift */; settings = {COMPILER_FLAGS = "-w"; }; };
		1B04F0031B0ABD1100DF30B3 /* CVCalendarDayView.swift in Sources */ = {isa = PBXBuildFile; fileRef = 1B04EFEF1B0ABD1100DF30B3 /* CVCalendarDayView.swift */; settings = {COMPILER_FLAGS = "-w"; }; };
		1B04F0041B0ABD1100DF30B3 /* CVCalendarDayViewControlCoordinator.swift in Sources */ = {isa = PBXBuildFile; fileRef = 1B04EFF01B0ABD1100DF30B3 /* CVCalendarDayViewControlCoordinator.swift */; settings = {COMPILER_FLAGS = "-w"; }; };
		1B04F0051B0ABD1100DF30B3 /* CVCalendarManager.swift in Sources */ = {isa = PBXBuildFile; fileRef = 1B04EFF11B0ABD1100DF30B3 /* CVCalendarManager.swift */; settings = {COMPILER_FLAGS = "-w"; }; };
		1B04F0061B0ABD1100DF30B3 /* CVCalendarMenuView.swift in Sources */ = {isa = PBXBuildFile; fileRef = 1B04EFF21B0ABD1100DF30B3 /* CVCalendarMenuView.swift */; settings = {COMPILER_FLAGS = "-w"; }; };
		1B04F0071B0ABD1100DF30B3 /* CVCalendarMonthContentView.swift in Sources */ = {isa = PBXBuildFile; fileRef = 1B04EFF31B0ABD1100DF30B3 /* CVCalendarMonthContentView.swift */; settings = {COMPILER_FLAGS = "-w"; }; };
		1B04F0081B0ABD1100DF30B3 /* CVCalendarMonthView.swift in Sources */ = {isa = PBXBuildFile; fileRef = 1B04EFF41B0ABD1100DF30B3 /* CVCalendarMonthView.swift */; settings = {COMPILER_FLAGS = "-w"; }; };
		1B04F0091B0ABD1100DF30B3 /* CVCalendarRenderer.swift in Sources */ = {isa = PBXBuildFile; fileRef = 1B04EFF51B0ABD1100DF30B3 /* CVCalendarRenderer.swift */; settings = {COMPILER_FLAGS = "-w"; }; };
		1B04F00A1B0ABD1100DF30B3 /* CVCalendarView.swift in Sources */ = {isa = PBXBuildFile; fileRef = 1B04EFF61B0ABD1100DF30B3 /* CVCalendarView.swift */; settings = {COMPILER_FLAGS = "-w"; }; };
		1B04F00B1B0ABD1100DF30B3 /* CVCalendarViewAnimator.swift in Sources */ = {isa = PBXBuildFile; fileRef = 1B04EFF71B0ABD1100DF30B3 /* CVCalendarViewAnimator.swift */; settings = {COMPILER_FLAGS = "-w"; }; };
		1B04F00C1B0ABD1100DF30B3 /* CVCalendarViewAnimatorDelegate.swift in Sources */ = {isa = PBXBuildFile; fileRef = 1B04EFF81B0ABD1100DF30B3 /* CVCalendarViewAnimatorDelegate.swift */; settings = {COMPILER_FLAGS = "-w"; }; };
		1B04F00D1B0ABD1100DF30B3 /* CVCalendarViewAppearance.swift in Sources */ = {isa = PBXBuildFile; fileRef = 1B04EFF91B0ABD1100DF30B3 /* CVCalendarViewAppearance.swift */; settings = {COMPILER_FLAGS = "-w"; }; };
		1B04F00E1B0ABD1100DF30B3 /* CVCalendarViewAppearanceDelegate.swift in Sources */ = {isa = PBXBuildFile; fileRef = 1B04EFFA1B0ABD1100DF30B3 /* CVCalendarViewAppearanceDelegate.swift */; settings = {COMPILER_FLAGS = "-w"; }; };
		1B04F00F1B0ABD1100DF30B3 /* CVCalendarViewDelegate.swift in Sources */ = {isa = PBXBuildFile; fileRef = 1B04EFFB1B0ABD1100DF30B3 /* CVCalendarViewDelegate.swift */; settings = {COMPILER_FLAGS = "-w"; }; };
		1B04F0101B0ABD1100DF30B3 /* CVCalendarWeekContentRecovery.swift in Sources */ = {isa = PBXBuildFile; fileRef = 1B04EFFC1B0ABD1100DF30B3 /* CVCalendarWeekContentRecovery.swift */; settings = {COMPILER_FLAGS = "-w"; }; };
		1B04F0111B0ABD1100DF30B3 /* CVCalendarWeekContentView.swift in Sources */ = {isa = PBXBuildFile; fileRef = 1B04EFFD1B0ABD1100DF30B3 /* CVCalendarWeekContentView.swift */; settings = {COMPILER_FLAGS = "-w"; }; };
		1B04F0121B0ABD1100DF30B3 /* CVCalendarWeekView.swift in Sources */ = {isa = PBXBuildFile; fileRef = 1B04EFFE1B0ABD1100DF30B3 /* CVCalendarWeekView.swift */; settings = {COMPILER_FLAGS = "-w"; }; };
		1B04F0131B0ABD1100DF30B3 /* CVCircleView.swift in Sources */ = {isa = PBXBuildFile; fileRef = 1B04EFFF1B0ABD1100DF30B3 /* CVCircleView.swift */; settings = {COMPILER_FLAGS = "-w"; }; };
		1B04F0141B0ABD1100DF30B3 /* CVDate.swift in Sources */ = {isa = PBXBuildFile; fileRef = 1B04F0001B0ABD1100DF30B3 /* CVDate.swift */; };
		1B4F4C721AFEC79F00C61708 /* AppDelegate.swift in Sources */ = {isa = PBXBuildFile; fileRef = 1B4F4C711AFEC79F00C61708 /* AppDelegate.swift */; };
		1B4F4C751AFEC79F00C61708 /* Ay.xcdatamodeld in Sources */ = {isa = PBXBuildFile; fileRef = 1B4F4C731AFEC79F00C61708 /* Ay.xcdatamodeld */; };
		1B4F4C771AFEC79F00C61708 /* ViewController.swift in Sources */ = {isa = PBXBuildFile; fileRef = 1B4F4C761AFEC79F00C61708 /* ViewController.swift */; };
		1B4F4C7A1AFEC7A000C61708 /* Main.storyboard in Resources */ = {isa = PBXBuildFile; fileRef = 1B4F4C781AFEC7A000C61708 /* Main.storyboard */; };
		1B4F4C7C1AFEC7A000C61708 /* Images.xcassets in Resources */ = {isa = PBXBuildFile; fileRef = 1B4F4C7B1AFEC7A000C61708 /* Images.xcassets */; };
		1B4F4C7F1AFEC7A000C61708 /* LaunchScreen.xib in Resources */ = {isa = PBXBuildFile; fileRef = 1B4F4C7D1AFEC7A000C61708 /* LaunchScreen.xib */; };
		1B4F4C8B1AFEC7A000C61708 /* AyTests.swift in Sources */ = {isa = PBXBuildFile; fileRef = 1B4F4C8A1AFEC7A000C61708 /* AyTests.swift */; };
		1B4F4C951AFEDBEC00C61708 /* ScheduleTableViewCell.swift in Sources */ = {isa = PBXBuildFile; fileRef = 1B4F4C941AFEDBEC00C61708 /* ScheduleTableViewCell.swift */; };
		1B4F4C991AFEDDBD00C61708 /* AyEvent.swift in Sources */ = {isa = PBXBuildFile; fileRef = 1B4F4C981AFEDDBD00C61708 /* AyEvent.swift */; };
		1B4F4C9B1AFEDDEA00C61708 /* AyUser.swift in Sources */ = {isa = PBXBuildFile; fileRef = 1B4F4C9A1AFEDDEA00C61708 /* AyUser.swift */; };
		1B4F4C9D1AFEDDFA00C61708 /* AyRecommendation.swift in Sources */ = {isa = PBXBuildFile; fileRef = 1B4F4C9C1AFEDDFA00C61708 /* AyRecommendation.swift */; };
		1B4F4C9F1AFEDEF500C61708 /* AyConstants.swift in Sources */ = {isa = PBXBuildFile; fileRef = 1B4F4C9E1AFEDEF500C61708 /* AyConstants.swift */; };
		1B4F4CA11AFEDF8F00C61708 /* DataManager.swift in Sources */ = {isa = PBXBuildFile; fileRef = 1B4F4CA01AFEDF8F00C61708 /* DataManager.swift */; };
		1B5D68241B0D171900BBB904 /* StartTimePickerCell.swift in Sources */ = {isa = PBXBuildFile; fileRef = 1B5D68231B0D171900BBB904 /* StartTimePickerCell.swift */; };
		1B5D68261B0D5E6200BBB904 /* OPACITY_STATUS_BAR_COVER.png in Resources */ = {isa = PBXBuildFile; fileRef = 1B5D68251B0D5E6200BBB904 /* OPACITY_STATUS_BAR_COVER.png */; };
		1B5D68281B0D62F400BBB904 /* X.png in Resources */ = {isa = PBXBuildFile; fileRef = 1B5D68271B0D62F400BBB904 /* X.png */; };
		1B5D682A1B0D63C900BBB904 /* CHECK.png in Resources */ = {isa = PBXBuildFile; fileRef = 1B5D68291B0D63C900BBB904 /* CHECK.png */; };
		1B5D682C1B0D717B00BBB904 /* GEAR.png in Resources */ = {isa = PBXBuildFile; fileRef = 1B5D682B1B0D717B00BBB904 /* GEAR.png */; };
		1B7210301B0AF48400E0D729 /* AddEventViewController.swift in Sources */ = {isa = PBXBuildFile; fileRef = 1B72102F1B0AF48300E0D729 /* AddEventViewController.swift */; };
		1B7210331B0AFA5900E0D729 /* TitleCell.swift in Sources */ = {isa = PBXBuildFile; fileRef = 1B7210321B0AFA5900E0D729 /* TitleCell.swift */; };
		1B7210351B0AFA8A00E0D729 /* LocationCell.swift in Sources */ = {isa = PBXBuildFile; fileRef = 1B7210341B0AFA8A00E0D729 /* LocationCell.swift */; };
		1B7210371B0AFA9C00E0D729 /* RepeatCell.swift in Sources */ = {isa = PBXBuildFile; fileRef = 1B7210361B0AFA9C00E0D729 /* RepeatCell.swift */; };
		1B7210391B0AFAB300E0D729 /* NotifyCell.swift in Sources */ = {isa = PBXBuildFile; fileRef = 1B7210381B0AFAB300E0D729 /* NotifyCell.swift */; };
		1B72103B1B0AFAC600E0D729 /* StartDateCell.swift in Sources */ = {isa = PBXBuildFile; fileRef = 1B72103A1B0AFAC600E0D729 /* StartDateCell.swift */; };
		1B72103D1B0AFAD700E0D729 /* EndDateCell.swift in Sources */ = {isa = PBXBuildFile; fileRef = 1B72103C1B0AFAD700E0D729 /* EndDateCell.swift */; };
		1B72103F1B0AFAF700E0D729 /* ParticipantsCell.swift in Sources */ = {isa = PBXBuildFile; fileRef = 1B72103E1B0AFAF700E0D729 /* ParticipantsCell.swift */; };
		1B7210411B0AFB0300E0D729 /* NotesCell.swift in Sources */ = {isa = PBXBuildFile; fileRef = 1B7210401B0AFB0300E0D729 /* NotesCell.swift */; };
		1BE2A4E41B0B12160091DCC3 /* PLUS.png in Resources */ = {isa = PBXBuildFile; fileRef = 1BE2A4E31B0B12160091DCC3 /* PLUS.png */; };
		95CF63911AFEE7E200F28153 /* AudioToolbox.framework in Frameworks */ = {isa = PBXBuildFile; fileRef = 95CF63901AFEE7E200F28153 /* AudioToolbox.framework */; };
		95CF63931AFEE7E800F28153 /* CFNetwork.framework in Frameworks */ = {isa = PBXBuildFile; fileRef = 95CF63921AFEE7E800F28153 /* CFNetwork.framework */; };
		95CF63951AFEE7EF00F28153 /* CoreGraphics.framework in Frameworks */ = {isa = PBXBuildFile; fileRef = 95CF63941AFEE7EF00F28153 /* CoreGraphics.framework */; };
		95CF63971AFEE7F400F28153 /* CoreLocation.framework in Frameworks */ = {isa = PBXBuildFile; fileRef = 95CF63961AFEE7F400F28153 /* CoreLocation.framework */; };
		95CF63991AFEE7FA00F28153 /* MobileCoreServices.framework in Frameworks */ = {isa = PBXBuildFile; fileRef = 95CF63981AFEE7FA00F28153 /* MobileCoreServices.framework */; };
		95CF639B1AFEE80000F28153 /* QuartzCore.framework in Frameworks */ = {isa = PBXBuildFile; fileRef = 95CF639A1AFEE80000F28153 /* QuartzCore.framework */; };
		95CF639D1AFEE80500F28153 /* Security.framework in Frameworks */ = {isa = PBXBuildFile; fileRef = 95CF639C1AFEE80500F28153 /* Security.framework */; };
		95CF639F1AFEE80A00F28153 /* StoreKit.framework in Frameworks */ = {isa = PBXBuildFile; fileRef = 95CF639E1AFEE80A00F28153 /* StoreKit.framework */; };
		95CF63A11AFEE81000F28153 /* SystemConfiguration.framework in Frameworks */ = {isa = PBXBuildFile; fileRef = 95CF63A01AFEE81000F28153 /* SystemConfiguration.framework */; };
		95CF63A31AFEE81400F28153 /* libz.dylib in Frameworks */ = {isa = PBXBuildFile; fileRef = 95CF63A21AFEE81400F28153 /* libz.dylib */; };
		95CF63A51AFEE81A00F28153 /* libsqlite3.dylib in Frameworks */ = {isa = PBXBuildFile; fileRef = 95CF63A41AFEE81A00F28153 /* libsqlite3.dylib */; };
		95CF63B81AFEE87F00F28153 /* Bolts.framework in Frameworks */ = {isa = PBXBuildFile; fileRef = 95CF63B21AFEE87F00F28153 /* Bolts.framework */; };
		95CF63B91AFEE87F00F28153 /* Parse.framework in Frameworks */ = {isa = PBXBuildFile; fileRef = 95CF63B31AFEE87F00F28153 /* Parse.framework */; };
		95CF63BA1AFEE87F00F28153 /* ParseCrashReporting.framework in Frameworks */ = {isa = PBXBuildFile; fileRef = 95CF63B41AFEE87F00F28153 /* ParseCrashReporting.framework */; };
		95CF63BB1AFEE87F00F28153 /* ParseFacebookUtils.framework in Frameworks */ = {isa = PBXBuildFile; fileRef = 95CF63B51AFEE87F00F28153 /* ParseFacebookUtils.framework */; };
		95CF63BC1AFEE87F00F28153 /* ParseFacebookUtilsV4.framework in Frameworks */ = {isa = PBXBuildFile; fileRef = 95CF63B61AFEE87F00F28153 /* ParseFacebookUtilsV4.framework */; };
		95CF63BD1AFEE87F00F28153 /* ParseUI.framework in Frameworks */ = {isa = PBXBuildFile; fileRef = 95CF63B71AFEE87F00F28153 /* ParseUI.framework */; };
		95CF63C11AFEF32300F28153 /* ParseCoreService.swift in Sources */ = {isa = PBXBuildFile; fileRef = 95CF63C01AFEF32300F28153 /* ParseCoreService.swift */; };
		95DCA09D1B0E9FF90033D729 /* EndTimePickerCell.swift in Sources */ = {isa = PBXBuildFile; fileRef = 95DCA09C1B0E9FF90033D729 /* EndTimePickerCell.swift */; };
		95DCA09F1B0EFAF40033D729 /* RepeatSettingViewController.swift in Sources */ = {isa = PBXBuildFile; fileRef = 95DCA09E1B0EFAF40033D729 /* RepeatSettingViewController.swift */; };
		95DCA0A11B0F08580033D729 /* NotifyViewController.swift in Sources */ = {isa = PBXBuildFile; fileRef = 95DCA0A01B0F08580033D729 /* NotifyViewController.swift */; };
/* End PBXBuildFile section */

/* Begin PBXContainerItemProxy section */
		1B4F4C851AFEC7A000C61708 /* PBXContainerItemProxy */ = {
			isa = PBXContainerItemProxy;
			containerPortal = 1B4F4C641AFEC79D00C61708 /* Project object */;
			proxyType = 1;
			remoteGlobalIDString = 1B4F4C6B1AFEC79E00C61708;
			remoteInfo = Ay;
		};
/* End PBXContainerItemProxy section */

/* Begin PBXFileReference section */
		1B04EFED1B0ABD1100DF30B3 /* CVCalendarContentDelegate.swift */ = {isa = PBXFileReference; fileEncoding = 4; lastKnownFileType = sourcecode.swift; path = CVCalendarContentDelegate.swift; sourceTree = "<group>"; };
		1B04EFEE1B0ABD1100DF30B3 /* CVCalendarContentViewController.swift */ = {isa = PBXFileReference; fileEncoding = 4; lastKnownFileType = sourcecode.swift; path = CVCalendarContentViewController.swift; sourceTree = "<group>"; };
		1B04EFEF1B0ABD1100DF30B3 /* CVCalendarDayView.swift */ = {isa = PBXFileReference; fileEncoding = 4; lastKnownFileType = sourcecode.swift; path = CVCalendarDayView.swift; sourceTree = "<group>"; };
		1B04EFF01B0ABD1100DF30B3 /* CVCalendarDayViewControlCoordinator.swift */ = {isa = PBXFileReference; fileEncoding = 4; lastKnownFileType = sourcecode.swift; path = CVCalendarDayViewControlCoordinator.swift; sourceTree = "<group>"; };
		1B04EFF11B0ABD1100DF30B3 /* CVCalendarManager.swift */ = {isa = PBXFileReference; fileEncoding = 4; lastKnownFileType = sourcecode.swift; path = CVCalendarManager.swift; sourceTree = "<group>"; };
		1B04EFF21B0ABD1100DF30B3 /* CVCalendarMenuView.swift */ = {isa = PBXFileReference; fileEncoding = 4; lastKnownFileType = sourcecode.swift; path = CVCalendarMenuView.swift; sourceTree = "<group>"; };
		1B04EFF31B0ABD1100DF30B3 /* CVCalendarMonthContentView.swift */ = {isa = PBXFileReference; fileEncoding = 4; lastKnownFileType = sourcecode.swift; path = CVCalendarMonthContentView.swift; sourceTree = "<group>"; };
		1B04EFF41B0ABD1100DF30B3 /* CVCalendarMonthView.swift */ = {isa = PBXFileReference; fileEncoding = 4; lastKnownFileType = sourcecode.swift; path = CVCalendarMonthView.swift; sourceTree = "<group>"; };
		1B04EFF51B0ABD1100DF30B3 /* CVCalendarRenderer.swift */ = {isa = PBXFileReference; fileEncoding = 4; lastKnownFileType = sourcecode.swift; path = CVCalendarRenderer.swift; sourceTree = "<group>"; };
		1B04EFF61B0ABD1100DF30B3 /* CVCalendarView.swift */ = {isa = PBXFileReference; fileEncoding = 4; lastKnownFileType = sourcecode.swift; path = CVCalendarView.swift; sourceTree = "<group>"; };
		1B04EFF71B0ABD1100DF30B3 /* CVCalendarViewAnimator.swift */ = {isa = PBXFileReference; fileEncoding = 4; lastKnownFileType = sourcecode.swift; path = CVCalendarViewAnimator.swift; sourceTree = "<group>"; };
		1B04EFF81B0ABD1100DF30B3 /* CVCalendarViewAnimatorDelegate.swift */ = {isa = PBXFileReference; fileEncoding = 4; lastKnownFileType = sourcecode.swift; path = CVCalendarViewAnimatorDelegate.swift; sourceTree = "<group>"; };
		1B04EFF91B0ABD1100DF30B3 /* CVCalendarViewAppearance.swift */ = {isa = PBXFileReference; fileEncoding = 4; lastKnownFileType = sourcecode.swift; path = CVCalendarViewAppearance.swift; sourceTree = "<group>"; };
		1B04EFFA1B0ABD1100DF30B3 /* CVCalendarViewAppearanceDelegate.swift */ = {isa = PBXFileReference; fileEncoding = 4; lastKnownFileType = sourcecode.swift; path = CVCalendarViewAppearanceDelegate.swift; sourceTree = "<group>"; };
		1B04EFFB1B0ABD1100DF30B3 /* CVCalendarViewDelegate.swift */ = {isa = PBXFileReference; fileEncoding = 4; lastKnownFileType = sourcecode.swift; path = CVCalendarViewDelegate.swift; sourceTree = "<group>"; };
		1B04EFFC1B0ABD1100DF30B3 /* CVCalendarWeekContentRecovery.swift */ = {isa = PBXFileReference; fileEncoding = 4; lastKnownFileType = sourcecode.swift; path = CVCalendarWeekContentRecovery.swift; sourceTree = "<group>"; };
		1B04EFFD1B0ABD1100DF30B3 /* CVCalendarWeekContentView.swift */ = {isa = PBXFileReference; fileEncoding = 4; lastKnownFileType = sourcecode.swift; path = CVCalendarWeekContentView.swift; sourceTree = "<group>"; };
		1B04EFFE1B0ABD1100DF30B3 /* CVCalendarWeekView.swift */ = {isa = PBXFileReference; fileEncoding = 4; lastKnownFileType = sourcecode.swift; path = CVCalendarWeekView.swift; sourceTree = "<group>"; };
		1B04EFFF1B0ABD1100DF30B3 /* CVCircleView.swift */ = {isa = PBXFileReference; fileEncoding = 4; lastKnownFileType = sourcecode.swift; path = CVCircleView.swift; sourceTree = "<group>"; };
		1B04F0001B0ABD1100DF30B3 /* CVDate.swift */ = {isa = PBXFileReference; fileEncoding = 4; lastKnownFileType = sourcecode.swift; path = CVDate.swift; sourceTree = "<group>"; };
		1B4F4C6C1AFEC79F00C61708 /* Ay.app */ = {isa = PBXFileReference; explicitFileType = wrapper.application; includeInIndex = 0; path = Ay.app; sourceTree = BUILT_PRODUCTS_DIR; };
		1B4F4C701AFEC79F00C61708 /* Info.plist */ = {isa = PBXFileReference; lastKnownFileType = text.plist.xml; path = Info.plist; sourceTree = "<group>"; };
		1B4F4C711AFEC79F00C61708 /* AppDelegate.swift */ = {isa = PBXFileReference; lastKnownFileType = sourcecode.swift; path = AppDelegate.swift; sourceTree = "<group>"; };
		1B4F4C741AFEC79F00C61708 /* Ay.xcdatamodel */ = {isa = PBXFileReference; lastKnownFileType = wrapper.xcdatamodel; path = Ay.xcdatamodel; sourceTree = "<group>"; };
		1B4F4C761AFEC79F00C61708 /* ViewController.swift */ = {isa = PBXFileReference; lastKnownFileType = sourcecode.swift; path = ViewController.swift; sourceTree = "<group>"; };
		1B4F4C791AFEC7A000C61708 /* Base */ = {isa = PBXFileReference; lastKnownFileType = file.storyboard; name = Base; path = Base.lproj/Main.storyboard; sourceTree = "<group>"; };
		1B4F4C7B1AFEC7A000C61708 /* Images.xcassets */ = {isa = PBXFileReference; lastKnownFileType = folder.assetcatalog; path = Images.xcassets; sourceTree = "<group>"; };
		1B4F4C7E1AFEC7A000C61708 /* Base */ = {isa = PBXFileReference; lastKnownFileType = file.xib; name = Base; path = Base.lproj/LaunchScreen.xib; sourceTree = "<group>"; };
		1B4F4C841AFEC7A000C61708 /* AyTests.xctest */ = {isa = PBXFileReference; explicitFileType = wrapper.cfbundle; includeInIndex = 0; path = AyTests.xctest; sourceTree = BUILT_PRODUCTS_DIR; };
		1B4F4C891AFEC7A000C61708 /* Info.plist */ = {isa = PBXFileReference; lastKnownFileType = text.plist.xml; path = Info.plist; sourceTree = "<group>"; };
		1B4F4C8A1AFEC7A000C61708 /* AyTests.swift */ = {isa = PBXFileReference; lastKnownFileType = sourcecode.swift; path = AyTests.swift; sourceTree = "<group>"; };
		1B4F4C941AFEDBEC00C61708 /* ScheduleTableViewCell.swift */ = {isa = PBXFileReference; fileEncoding = 4; lastKnownFileType = sourcecode.swift; path = ScheduleTableViewCell.swift; sourceTree = "<group>"; };
		1B4F4C981AFEDDBD00C61708 /* AyEvent.swift */ = {isa = PBXFileReference; fileEncoding = 4; lastKnownFileType = sourcecode.swift; path = AyEvent.swift; sourceTree = "<group>"; };
		1B4F4C9A1AFEDDEA00C61708 /* AyUser.swift */ = {isa = PBXFileReference; fileEncoding = 4; lastKnownFileType = sourcecode.swift; path = AyUser.swift; sourceTree = "<group>"; };
		1B4F4C9C1AFEDDFA00C61708 /* AyRecommendation.swift */ = {isa = PBXFileReference; fileEncoding = 4; lastKnownFileType = sourcecode.swift; path = AyRecommendation.swift; sourceTree = "<group>"; };
		1B4F4C9E1AFEDEF500C61708 /* AyConstants.swift */ = {isa = PBXFileReference; fileEncoding = 4; lastKnownFileType = sourcecode.swift; path = AyConstants.swift; sourceTree = "<group>"; };
		1B4F4CA01AFEDF8F00C61708 /* DataManager.swift */ = {isa = PBXFileReference; fileEncoding = 4; lastKnownFileType = sourcecode.swift; path = DataManager.swift; sourceTree = "<group>"; };
		1B5D68231B0D171900BBB904 /* StartTimePickerCell.swift */ = {isa = PBXFileReference; fileEncoding = 4; lastKnownFileType = sourcecode.swift; path = StartTimePickerCell.swift; sourceTree = "<group>"; };
		1B5D68251B0D5E6200BBB904 /* OPACITY_STATUS_BAR_COVER.png */ = {isa = PBXFileReference; lastKnownFileType = image.png; path = OPACITY_STATUS_BAR_COVER.png; sourceTree = "<group>"; };
		1B5D68271B0D62F400BBB904 /* X.png */ = {isa = PBXFileReference; lastKnownFileType = image.png; path = X.png; sourceTree = "<group>"; };
		1B5D68291B0D63C900BBB904 /* CHECK.png */ = {isa = PBXFileReference; lastKnownFileType = image.png; path = CHECK.png; sourceTree = "<group>"; };
		1B5D682B1B0D717B00BBB904 /* GEAR.png */ = {isa = PBXFileReference; lastKnownFileType = image.png; path = GEAR.png; sourceTree = "<group>"; };
		1B72102F1B0AF48300E0D729 /* AddEventViewController.swift */ = {isa = PBXFileReference; fileEncoding = 4; lastKnownFileType = sourcecode.swift; path = AddEventViewController.swift; sourceTree = "<group>"; };
		1B7210321B0AFA5900E0D729 /* TitleCell.swift */ = {isa = PBXFileReference; fileEncoding = 4; lastKnownFileType = sourcecode.swift; path = TitleCell.swift; sourceTree = "<group>"; };
		1B7210341B0AFA8A00E0D729 /* LocationCell.swift */ = {isa = PBXFileReference; fileEncoding = 4; lastKnownFileType = sourcecode.swift; path = LocationCell.swift; sourceTree = "<group>"; };
		1B7210361B0AFA9C00E0D729 /* RepeatCell.swift */ = {isa = PBXFileReference; fileEncoding = 4; lastKnownFileType = sourcecode.swift; path = RepeatCell.swift; sourceTree = "<group>"; };
		1B7210381B0AFAB300E0D729 /* NotifyCell.swift */ = {isa = PBXFileReference; fileEncoding = 4; lastKnownFileType = sourcecode.swift; path = NotifyCell.swift; sourceTree = "<group>"; };
		1B72103A1B0AFAC600E0D729 /* StartDateCell.swift */ = {isa = PBXFileReference; fileEncoding = 4; lastKnownFileType = sourcecode.swift; path = StartDateCell.swift; sourceTree = "<group>"; };
		1B72103C1B0AFAD700E0D729 /* EndDateCell.swift */ = {isa = PBXFileReference; fileEncoding = 4; lastKnownFileType = sourcecode.swift; path = EndDateCell.swift; sourceTree = "<group>"; };
		1B72103E1B0AFAF700E0D729 /* ParticipantsCell.swift */ = {isa = PBXFileReference; fileEncoding = 4; lastKnownFileType = sourcecode.swift; path = ParticipantsCell.swift; sourceTree = "<group>"; };
		1B7210401B0AFB0300E0D729 /* NotesCell.swift */ = {isa = PBXFileReference; fileEncoding = 4; lastKnownFileType = sourcecode.swift; path = NotesCell.swift; sourceTree = "<group>"; };
		1BE2A4E31B0B12160091DCC3 /* PLUS.png */ = {isa = PBXFileReference; lastKnownFileType = image.png; path = PLUS.png; sourceTree = "<group>"; };
		957B729F1B0ACCF300C9A2EB /* SwiftHeader.h */ = {isa = PBXFileReference; lastKnownFileType = sourcecode.c.h; path = SwiftHeader.h; sourceTree = "<group>"; };
		95CF63901AFEE7E200F28153 /* AudioToolbox.framework */ = {isa = PBXFileReference; lastKnownFileType = wrapper.framework; name = AudioToolbox.framework; path = System/Library/Frameworks/AudioToolbox.framework; sourceTree = SDKROOT; };
		95CF63921AFEE7E800F28153 /* CFNetwork.framework */ = {isa = PBXFileReference; lastKnownFileType = wrapper.framework; name = CFNetwork.framework; path = System/Library/Frameworks/CFNetwork.framework; sourceTree = SDKROOT; };
		95CF63941AFEE7EF00F28153 /* CoreGraphics.framework */ = {isa = PBXFileReference; lastKnownFileType = wrapper.framework; name = CoreGraphics.framework; path = System/Library/Frameworks/CoreGraphics.framework; sourceTree = SDKROOT; };
		95CF63961AFEE7F400F28153 /* CoreLocation.framework */ = {isa = PBXFileReference; lastKnownFileType = wrapper.framework; name = CoreLocation.framework; path = System/Library/Frameworks/CoreLocation.framework; sourceTree = SDKROOT; };
		95CF63981AFEE7FA00F28153 /* MobileCoreServices.framework */ = {isa = PBXFileReference; lastKnownFileType = wrapper.framework; name = MobileCoreServices.framework; path = System/Library/Frameworks/MobileCoreServices.framework; sourceTree = SDKROOT; };
		95CF639A1AFEE80000F28153 /* QuartzCore.framework */ = {isa = PBXFileReference; lastKnownFileType = wrapper.framework; name = QuartzCore.framework; path = System/Library/Frameworks/QuartzCore.framework; sourceTree = SDKROOT; };
		95CF639C1AFEE80500F28153 /* Security.framework */ = {isa = PBXFileReference; lastKnownFileType = wrapper.framework; name = Security.framework; path = System/Library/Frameworks/Security.framework; sourceTree = SDKROOT; };
		95CF639E1AFEE80A00F28153 /* StoreKit.framework */ = {isa = PBXFileReference; lastKnownFileType = wrapper.framework; name = StoreKit.framework; path = System/Library/Frameworks/StoreKit.framework; sourceTree = SDKROOT; };
		95CF63A01AFEE81000F28153 /* SystemConfiguration.framework */ = {isa = PBXFileReference; lastKnownFileType = wrapper.framework; name = SystemConfiguration.framework; path = System/Library/Frameworks/SystemConfiguration.framework; sourceTree = SDKROOT; };
		95CF63A21AFEE81400F28153 /* libz.dylib */ = {isa = PBXFileReference; lastKnownFileType = "compiled.mach-o.dylib"; name = libz.dylib; path = usr/lib/libz.dylib; sourceTree = SDKROOT; };
		95CF63A41AFEE81A00F28153 /* libsqlite3.dylib */ = {isa = PBXFileReference; lastKnownFileType = "compiled.mach-o.dylib"; name = libsqlite3.dylib; path = usr/lib/libsqlite3.dylib; sourceTree = SDKROOT; };
		95CF63B21AFEE87F00F28153 /* Bolts.framework */ = {isa = PBXFileReference; lastKnownFileType = wrapper.framework; name = Bolts.framework; path = frameworks/Bolts.framework; sourceTree = "<group>"; };
		95CF63B31AFEE87F00F28153 /* Parse.framework */ = {isa = PBXFileReference; lastKnownFileType = wrapper.framework; name = Parse.framework; path = frameworks/Parse.framework; sourceTree = "<group>"; };
		95CF63B41AFEE87F00F28153 /* ParseCrashReporting.framework */ = {isa = PBXFileReference; lastKnownFileType = wrapper.framework; name = ParseCrashReporting.framework; path = frameworks/ParseCrashReporting.framework; sourceTree = "<group>"; };
		95CF63B51AFEE87F00F28153 /* ParseFacebookUtils.framework */ = {isa = PBXFileReference; lastKnownFileType = wrapper.framework; name = ParseFacebookUtils.framework; path = frameworks/ParseFacebookUtils.framework; sourceTree = "<group>"; };
		95CF63B61AFEE87F00F28153 /* ParseFacebookUtilsV4.framework */ = {isa = PBXFileReference; lastKnownFileType = wrapper.framework; name = ParseFacebookUtilsV4.framework; path = frameworks/ParseFacebookUtilsV4.framework; sourceTree = "<group>"; };
		95CF63B71AFEE87F00F28153 /* ParseUI.framework */ = {isa = PBXFileReference; lastKnownFileType = wrapper.framework; name = ParseUI.framework; path = frameworks/ParseUI.framework; sourceTree = "<group>"; };
		95CF63C01AFEF32300F28153 /* ParseCoreService.swift */ = {isa = PBXFileReference; fileEncoding = 4; lastKnownFileType = sourcecode.swift; path = ParseCoreService.swift; sourceTree = "<group>"; };
		95DCA09C1B0E9FF90033D729 /* EndTimePickerCell.swift */ = {isa = PBXFileReference; fileEncoding = 4; lastKnownFileType = sourcecode.swift; path = EndTimePickerCell.swift; sourceTree = "<group>"; };
		95DCA09E1B0EFAF40033D729 /* RepeatSettingViewController.swift */ = {isa = PBXFileReference; fileEncoding = 4; lastKnownFileType = sourcecode.swift; path = RepeatSettingViewController.swift; sourceTree = "<group>"; };
		95DCA0A01B0F08580033D729 /* NotifyViewController.swift */ = {isa = PBXFileReference; fileEncoding = 4; lastKnownFileType = sourcecode.swift; path = NotifyViewController.swift; sourceTree = "<group>"; };
/* End PBXFileReference section */

/* Begin PBXFrameworksBuildPhase section */
		1B4F4C691AFEC79E00C61708 /* Frameworks */ = {
			isa = PBXFrameworksBuildPhase;
			buildActionMask = 2147483647;
			files = (
				95CF63B81AFEE87F00F28153 /* Bolts.framework in Frameworks */,
				95CF63B91AFEE87F00F28153 /* Parse.framework in Frameworks */,
				95CF63BA1AFEE87F00F28153 /* ParseCrashReporting.framework in Frameworks */,
				95CF63BB1AFEE87F00F28153 /* ParseFacebookUtils.framework in Frameworks */,
				95CF63BC1AFEE87F00F28153 /* ParseFacebookUtilsV4.framework in Frameworks */,
				95CF63BD1AFEE87F00F28153 /* ParseUI.framework in Frameworks */,
				95CF63A51AFEE81A00F28153 /* libsqlite3.dylib in Frameworks */,
				95CF63A31AFEE81400F28153 /* libz.dylib in Frameworks */,
				95CF63A11AFEE81000F28153 /* SystemConfiguration.framework in Frameworks */,
				95CF639F1AFEE80A00F28153 /* StoreKit.framework in Frameworks */,
				95CF639D1AFEE80500F28153 /* Security.framework in Frameworks */,
				95CF639B1AFEE80000F28153 /* QuartzCore.framework in Frameworks */,
				95CF63991AFEE7FA00F28153 /* MobileCoreServices.framework in Frameworks */,
				95CF63971AFEE7F400F28153 /* CoreLocation.framework in Frameworks */,
				95CF63951AFEE7EF00F28153 /* CoreGraphics.framework in Frameworks */,
				95CF63931AFEE7E800F28153 /* CFNetwork.framework in Frameworks */,
				95CF63911AFEE7E200F28153 /* AudioToolbox.framework in Frameworks */,
			);
			runOnlyForDeploymentPostprocessing = 0;
		};
		1B4F4C811AFEC7A000C61708 /* Frameworks */ = {
			isa = PBXFrameworksBuildPhase;
			buildActionMask = 2147483647;
			files = (
			);
			runOnlyForDeploymentPostprocessing = 0;
		};
/* End PBXFrameworksBuildPhase section */

/* Begin PBXGroup section */
		1B04EFEC1B0ABD1100DF30B3 /* CVCalendar */ = {
			isa = PBXGroup;
			children = (
				1B04EFED1B0ABD1100DF30B3 /* CVCalendarContentDelegate.swift */,
				1B04EFEE1B0ABD1100DF30B3 /* CVCalendarContentViewController.swift */,
				1B04EFEF1B0ABD1100DF30B3 /* CVCalendarDayView.swift */,
				1B04EFF01B0ABD1100DF30B3 /* CVCalendarDayViewControlCoordinator.swift */,
				1B04EFF11B0ABD1100DF30B3 /* CVCalendarManager.swift */,
				1B04EFF21B0ABD1100DF30B3 /* CVCalendarMenuView.swift */,
				1B04EFF31B0ABD1100DF30B3 /* CVCalendarMonthContentView.swift */,
				1B04EFF41B0ABD1100DF30B3 /* CVCalendarMonthView.swift */,
				1B04EFF51B0ABD1100DF30B3 /* CVCalendarRenderer.swift */,
				1B04EFF61B0ABD1100DF30B3 /* CVCalendarView.swift */,
				1B04EFF71B0ABD1100DF30B3 /* CVCalendarViewAnimator.swift */,
				1B04EFF81B0ABD1100DF30B3 /* CVCalendarViewAnimatorDelegate.swift */,
				1B04EFF91B0ABD1100DF30B3 /* CVCalendarViewAppearance.swift */,
				1B04EFFA1B0ABD1100DF30B3 /* CVCalendarViewAppearanceDelegate.swift */,
				1B04EFFB1B0ABD1100DF30B3 /* CVCalendarViewDelegate.swift */,
				1B04EFFC1B0ABD1100DF30B3 /* CVCalendarWeekContentRecovery.swift */,
				1B04EFFD1B0ABD1100DF30B3 /* CVCalendarWeekContentView.swift */,
				1B04EFFE1B0ABD1100DF30B3 /* CVCalendarWeekView.swift */,
				1B04EFFF1B0ABD1100DF30B3 /* CVCircleView.swift */,
				1B04F0001B0ABD1100DF30B3 /* CVDate.swift */,
			);
			path = CVCalendar;
			sourceTree = "<group>";
		};
		1B4F4C631AFEC79D00C61708 = {
			isa = PBXGroup;
			children = (
				95CF63B21AFEE87F00F28153 /* Bolts.framework */,
				95CF63B31AFEE87F00F28153 /* Parse.framework */,
				95CF63B41AFEE87F00F28153 /* ParseCrashReporting.framework */,
				95CF63B51AFEE87F00F28153 /* ParseFacebookUtils.framework */,
				95CF63B61AFEE87F00F28153 /* ParseFacebookUtilsV4.framework */,
				95CF63B71AFEE87F00F28153 /* ParseUI.framework */,
				95CF63A41AFEE81A00F28153 /* libsqlite3.dylib */,
				95CF63A21AFEE81400F28153 /* libz.dylib */,
				95CF63A01AFEE81000F28153 /* SystemConfiguration.framework */,
				95CF639E1AFEE80A00F28153 /* StoreKit.framework */,
				95CF639C1AFEE80500F28153 /* Security.framework */,
				95CF639A1AFEE80000F28153 /* QuartzCore.framework */,
				95CF63981AFEE7FA00F28153 /* MobileCoreServices.framework */,
				95CF63961AFEE7F400F28153 /* CoreLocation.framework */,
				95CF63941AFEE7EF00F28153 /* CoreGraphics.framework */,
				95CF63921AFEE7E800F28153 /* CFNetwork.framework */,
				95CF63901AFEE7E200F28153 /* AudioToolbox.framework */,
				1B4F4C6E1AFEC79F00C61708 /* Ay */,
				1B4F4C871AFEC7A000C61708 /* AyTests */,
				1B4F4C6D1AFEC79F00C61708 /* Products */,
			);
			sourceTree = "<group>";
		};
		1B4F4C6D1AFEC79F00C61708 /* Products */ = {
			isa = PBXGroup;
			children = (
				1B4F4C6C1AFEC79F00C61708 /* Ay.app */,
				1B4F4C841AFEC7A000C61708 /* AyTests.xctest */,
			);
			name = Products;
			sourceTree = "<group>";
		};
		1B4F4C6E1AFEC79F00C61708 /* Ay */ = {
			isa = PBXGroup;
			children = (
				1B7210311B0AFA1000E0D729 /* EventTableCells */,
				1B04EFEC1B0ABD1100DF30B3 /* CVCalendar */,
				95CF63BF1AFEF30A00F28153 /* Service */,
				1B4F4C711AFEC79F00C61708 /* AppDelegate.swift */,
				1B4F4C941AFEDBEC00C61708 /* ScheduleTableViewCell.swift */,
				1B4F4C761AFEC79F00C61708 /* ViewController.swift */,
				1B4F4C781AFEC7A000C61708 /* Main.storyboard */,
				1B4F4C7B1AFEC7A000C61708 /* Images.xcassets */,
				1B4F4C7D1AFEC7A000C61708 /* LaunchScreen.xib */,
				1B4F4C731AFEC79F00C61708 /* Ay.xcdatamodeld */,
				1B4F4C6F1AFEC79F00C61708 /* Supporting Files */,
				1B4F4C981AFEDDBD00C61708 /* AyEvent.swift */,
				1B4F4C9A1AFEDDEA00C61708 /* AyUser.swift */,
				1B4F4C9C1AFEDDFA00C61708 /* AyRecommendation.swift */,
				1B4F4C9E1AFEDEF500C61708 /* AyConstants.swift */,
				1B4F4CA01AFEDF8F00C61708 /* DataManager.swift */,
				957B729F1B0ACCF300C9A2EB /* SwiftHeader.h */,
				1B72102F1B0AF48300E0D729 /* AddEventViewController.swift */,
				95DCA09E1B0EFAF40033D729 /* RepeatSettingViewController.swift */,
				95DCA0A01B0F08580033D729 /* NotifyViewController.swift */,
			);
			path = Ay;
			sourceTree = "<group>";
		};
		1B4F4C6F1AFEC79F00C61708 /* Supporting Files */ = {
			isa = PBXGroup;
			children = (
				1B5D682B1B0D717B00BBB904 /* GEAR.png */,
				1B5D68291B0D63C900BBB904 /* CHECK.png */,
				1B5D68271B0D62F400BBB904 /* X.png */,
				1B5D68251B0D5E6200BBB904 /* OPACITY_STATUS_BAR_COVER.png */,
				1BE2A4E31B0B12160091DCC3 /* PLUS.png */,
				1B4F4C701AFEC79F00C61708 /* Info.plist */,
			);
			name = "Supporting Files";
			sourceTree = "<group>";
		};
		1B4F4C871AFEC7A000C61708 /* AyTests */ = {
			isa = PBXGroup;
			children = (
				1B4F4C8A1AFEC7A000C61708 /* AyTests.swift */,
				1B4F4C881AFEC7A000C61708 /* Supporting Files */,
			);
			path = AyTests;
			sourceTree = "<group>";
		};
		1B4F4C881AFEC7A000C61708 /* Supporting Files */ = {
			isa = PBXGroup;
			children = (
				1B4F4C891AFEC7A000C61708 /* Info.plist */,
			);
			name = "Supporting Files";
			sourceTree = "<group>";
		};
		1B7210311B0AFA1000E0D729 /* EventTableCells */ = {
			isa = PBXGroup;
			children = (
				1B7210321B0AFA5900E0D729 /* TitleCell.swift */,
				1B7210341B0AFA8A00E0D729 /* LocationCell.swift */,
				1B7210361B0AFA9C00E0D729 /* RepeatCell.swift */,
				1B7210381B0AFAB300E0D729 /* NotifyCell.swift */,
				1B72103A1B0AFAC600E0D729 /* StartDateCell.swift */,
				1B72103C1B0AFAD700E0D729 /* EndDateCell.swift */,
				1B72103E1B0AFAF700E0D729 /* ParticipantsCell.swift */,
				1B7210401B0AFB0300E0D729 /* NotesCell.swift */,
				1B5D68231B0D171900BBB904 /* StartTimePickerCell.swift */,
				95DCA09C1B0E9FF90033D729 /* EndTimePickerCell.swift */,
			);
			name = EventTableCells;
			sourceTree = "<group>";
		};
		95CF63BF1AFEF30A00F28153 /* Service */ = {
			isa = PBXGroup;
			children = (
				95CF63C01AFEF32300F28153 /* ParseCoreService.swift */,
			);
			name = Service;
			sourceTree = "<group>";
		};
/* End PBXGroup section */

/* Begin PBXNativeTarget section */
		1B4F4C6B1AFEC79E00C61708 /* Ay */ = {
			isa = PBXNativeTarget;
			buildConfigurationList = 1B4F4C8E1AFEC7A000C61708 /* Build configuration list for PBXNativeTarget "Ay" */;
			buildPhases = (
				1B4F4C681AFEC79E00C61708 /* Sources */,
				1B4F4C691AFEC79E00C61708 /* Frameworks */,
				1B4F4C6A1AFEC79E00C61708 /* Resources */,
			);
			buildRules = (
			);
			dependencies = (
			);
			name = Ay;
			productName = Ay;
			productReference = 1B4F4C6C1AFEC79F00C61708 /* Ay.app */;
			productType = "com.apple.product-type.application";
		};
		1B4F4C831AFEC7A000C61708 /* AyTests */ = {
			isa = PBXNativeTarget;
			buildConfigurationList = 1B4F4C911AFEC7A000C61708 /* Build configuration list for PBXNativeTarget "AyTests" */;
			buildPhases = (
				1B4F4C801AFEC7A000C61708 /* Sources */,
				1B4F4C811AFEC7A000C61708 /* Frameworks */,
				1B4F4C821AFEC7A000C61708 /* Resources */,
			);
			buildRules = (
			);
			dependencies = (
				1B4F4C861AFEC7A000C61708 /* PBXTargetDependency */,
			);
			name = AyTests;
			productName = AyTests;
			productReference = 1B4F4C841AFEC7A000C61708 /* AyTests.xctest */;
			productType = "com.apple.product-type.bundle.unit-test";
		};
/* End PBXNativeTarget section */

/* Begin PBXProject section */
		1B4F4C641AFEC79D00C61708 /* Project object */ = {
			isa = PBXProject;
			attributes = {
				LastUpgradeCheck = 0630;
				ORGANIZATIONNAME = "Do Kwon";
				TargetAttributes = {
					1B4F4C6B1AFEC79E00C61708 = {
						CreatedOnToolsVersion = 6.3;
						DevelopmentTeam = 5SL9V3WA7C;
					};
					1B4F4C831AFEC7A000C61708 = {
						CreatedOnToolsVersion = 6.3;
						TestTargetID = 1B4F4C6B1AFEC79E00C61708;
					};
				};
			};
			buildConfigurationList = 1B4F4C671AFEC79D00C61708 /* Build configuration list for PBXProject "Ay" */;
			compatibilityVersion = "Xcode 3.2";
			developmentRegion = English;
			hasScannedForEncodings = 0;
			knownRegions = (
				en,
				Base,
			);
			mainGroup = 1B4F4C631AFEC79D00C61708;
			productRefGroup = 1B4F4C6D1AFEC79F00C61708 /* Products */;
			projectDirPath = "";
			projectRoot = "";
			targets = (
				1B4F4C6B1AFEC79E00C61708 /* Ay */,
				1B4F4C831AFEC7A000C61708 /* AyTests */,
			);
		};
/* End PBXProject section */

/* Begin PBXResourcesBuildPhase section */
		1B4F4C6A1AFEC79E00C61708 /* Resources */ = {
			isa = PBXResourcesBuildPhase;
			buildActionMask = 2147483647;
			files = (
				1B4F4C7A1AFEC7A000C61708 /* Main.storyboard in Resources */,
				1B4F4C7F1AFEC7A000C61708 /* LaunchScreen.xib in Resources */,
				1B5D682C1B0D717B00BBB904 /* GEAR.png in Resources */,
				1B5D682A1B0D63C900BBB904 /* CHECK.png in Resources */,
				1BE2A4E41B0B12160091DCC3 /* PLUS.png in Resources */,
				1B5D68261B0D5E6200BBB904 /* OPACITY_STATUS_BAR_COVER.png in Resources */,
				1B5D68281B0D62F400BBB904 /* X.png in Resources */,
				1B4F4C7C1AFEC7A000C61708 /* Images.xcassets in Resources */,
			);
			runOnlyForDeploymentPostprocessing = 0;
		};
		1B4F4C821AFEC7A000C61708 /* Resources */ = {
			isa = PBXResourcesBuildPhase;
			buildActionMask = 2147483647;
			files = (
			);
			runOnlyForDeploymentPostprocessing = 0;
		};
/* End PBXResourcesBuildPhase section */

/* Begin PBXSourcesBuildPhase section */
		1B4F4C681AFEC79E00C61708 /* Sources */ = {
			isa = PBXSourcesBuildPhase;
			buildActionMask = 2147483647;
			files = (
				1B7210301B0AF48400E0D729 /* AddEventViewController.swift in Sources */,
				1B04F0031B0ABD1100DF30B3 /* CVCalendarDayView.swift in Sources */,
				1B72103B1B0AFAC600E0D729 /* StartDateCell.swift in Sources */,
				1B4F4C9B1AFEDDEA00C61708 /* AyUser.swift in Sources */,
				1B04F0081B0ABD1100DF30B3 /* CVCalendarMonthView.swift in Sources */,
				1B04F00D1B0ABD1100DF30B3 /* CVCalendarViewAppearance.swift in Sources */,
				1B04F0021B0ABD1100DF30B3 /* CVCalendarContentViewController.swift in Sources */,
				1B7210351B0AFA8A00E0D729 /* LocationCell.swift in Sources */,
				1B04F0121B0ABD1100DF30B3 /* CVCalendarWeekView.swift in Sources */,
				1B4F4C771AFEC79F00C61708 /* ViewController.swift in Sources */,
				1B04F00B1B0ABD1100DF30B3 /* CVCalendarViewAnimator.swift in Sources */,
				1B04F0101B0ABD1100DF30B3 /* CVCalendarWeekContentRecovery.swift in Sources */,
				1B72103D1B0AFAD700E0D729 /* EndDateCell.swift in Sources */,
				1B4F4C991AFEDDBD00C61708 /* AyEvent.swift in Sources */,
				1B04F0011B0ABD1100DF30B3 /* CVCalendarContentDelegate.swift in Sources */,
				1B7210391B0AFAB300E0D729 /* NotifyCell.swift in Sources */,
				1B7210331B0AFA5900E0D729 /* TitleCell.swift in Sources */,
				1B04F0061B0ABD1100DF30B3 /* CVCalendarMenuView.swift in Sources */,
				1B04F00E1B0ABD1100DF30B3 /* CVCalendarViewAppearanceDelegate.swift in Sources */,
				1B04F00F1B0ABD1100DF30B3 /* CVCalendarViewDelegate.swift in Sources */,
				95DCA09F1B0EFAF40033D729 /* RepeatSettingViewController.swift in Sources */,
				1B04F0051B0ABD1100DF30B3 /* CVCalendarManager.swift in Sources */,
				1B4F4C9F1AFEDEF500C61708 /* AyConstants.swift in Sources */,
				1B04F0131B0ABD1100DF30B3 /* CVCircleView.swift in Sources */,
				1B04F0071B0ABD1100DF30B3 /* CVCalendarMonthContentView.swift in Sources */,
				1B4F4C721AFEC79F00C61708 /* AppDelegate.swift in Sources */,
				1B72103F1B0AFAF700E0D729 /* ParticipantsCell.swift in Sources */,
				1B4F4C951AFEDBEC00C61708 /* ScheduleTableViewCell.swift in Sources */,
				1B7210411B0AFB0300E0D729 /* NotesCell.swift in Sources */,
				1B04F00A1B0ABD1100DF30B3 /* CVCalendarView.swift in Sources */,
				1B4F4C9D1AFEDDFA00C61708 /* AyRecommendation.swift in Sources */,
				1B04F0091B0ABD1100DF30B3 /* CVCalendarRenderer.swift in Sources */,
				1B4F4CA11AFEDF8F00C61708 /* DataManager.swift in Sources */,
				95DCA09D1B0E9FF90033D729 /* EndTimePickerCell.swift in Sources */,
				1B04F0141B0ABD1100DF30B3 /* CVDate.swift in Sources */,
				95DCA0A11B0F08580033D729 /* NotifyViewController.swift in Sources */,
				1B7210371B0AFA9C00E0D729 /* RepeatCell.swift in Sources */,
				1B04F0041B0ABD1100DF30B3 /* CVCalendarDayViewControlCoordinator.swift in Sources */,
				1B04F00C1B0ABD1100DF30B3 /* CVCalendarViewAnimatorDelegate.swift in Sources */,
				1B5D68241B0D171900BBB904 /* StartTimePickerCell.swift in Sources */,
				95CF63C11AFEF32300F28153 /* ParseCoreService.swift in Sources */,
				1B4F4C751AFEC79F00C61708 /* Ay.xcdatamodeld in Sources */,
				1B04F0111B0ABD1100DF30B3 /* CVCalendarWeekContentView.swift in Sources */,
			);
			runOnlyForDeploymentPostprocessing = 0;
		};
		1B4F4C801AFEC7A000C61708 /* Sources */ = {
			isa = PBXSourcesBuildPhase;
			buildActionMask = 2147483647;
			files = (
				1B4F4C8B1AFEC7A000C61708 /* AyTests.swift in Sources */,
			);
			runOnlyForDeploymentPostprocessing = 0;
		};
/* End PBXSourcesBuildPhase section */

/* Begin PBXTargetDependency section */
		1B4F4C861AFEC7A000C61708 /* PBXTargetDependency */ = {
			isa = PBXTargetDependency;
			target = 1B4F4C6B1AFEC79E00C61708 /* Ay */;
			targetProxy = 1B4F4C851AFEC7A000C61708 /* PBXContainerItemProxy */;
		};
/* End PBXTargetDependency section */

/* Begin PBXVariantGroup section */
		1B4F4C781AFEC7A000C61708 /* Main.storyboard */ = {
			isa = PBXVariantGroup;
			children = (
				1B4F4C791AFEC7A000C61708 /* Base */,
			);
			name = Main.storyboard;
			sourceTree = "<group>";
		};
		1B4F4C7D1AFEC7A000C61708 /* LaunchScreen.xib */ = {
			isa = PBXVariantGroup;
			children = (
				1B4F4C7E1AFEC7A000C61708 /* Base */,
			);
			name = LaunchScreen.xib;
			sourceTree = "<group>";
		};
/* End PBXVariantGroup section */

/* Begin XCBuildConfiguration section */
		1B4F4C8C1AFEC7A000C61708 /* Debug */ = {
			isa = XCBuildConfiguration;
			buildSettings = {
				ALWAYS_SEARCH_USER_PATHS = NO;
				CLANG_CXX_LANGUAGE_STANDARD = "gnu++0x";
				CLANG_CXX_LIBRARY = "libc++";
				CLANG_ENABLE_MODULES = YES;
				CLANG_ENABLE_OBJC_ARC = YES;
				CLANG_WARN_BOOL_CONVERSION = YES;
				CLANG_WARN_CONSTANT_CONVERSION = YES;
				CLANG_WARN_DIRECT_OBJC_ISA_USAGE = YES_ERROR;
				CLANG_WARN_EMPTY_BODY = YES;
				CLANG_WARN_ENUM_CONVERSION = YES;
				CLANG_WARN_INT_CONVERSION = YES;
				CLANG_WARN_OBJC_ROOT_CLASS = YES_ERROR;
				CLANG_WARN_UNREACHABLE_CODE = YES;
				CLANG_WARN__DUPLICATE_METHOD_MATCH = YES;
				"CODE_SIGN_IDENTITY[sdk=iphoneos*]" = "iPhone Developer";
				COPY_PHASE_STRIP = NO;
				DEBUG_INFORMATION_FORMAT = "dwarf-with-dsym";
				ENABLE_STRICT_OBJC_MSGSEND = YES;
				GCC_C_LANGUAGE_STANDARD = gnu99;
				GCC_DYNAMIC_NO_PIC = NO;
				GCC_NO_COMMON_BLOCKS = YES;
				GCC_OPTIMIZATION_LEVEL = 0;
				GCC_PREPROCESSOR_DEFINITIONS = (
					"DEBUG=1",
					"$(inherited)",
				);
				GCC_SYMBOLS_PRIVATE_EXTERN = NO;
				GCC_WARN_64_TO_32_BIT_CONVERSION = YES;
				GCC_WARN_ABOUT_RETURN_TYPE = YES_ERROR;
				GCC_WARN_UNDECLARED_SELECTOR = YES;
				GCC_WARN_UNINITIALIZED_AUTOS = YES_AGGRESSIVE;
				GCC_WARN_UNUSED_FUNCTION = YES;
				GCC_WARN_UNUSED_VARIABLE = YES;
				IPHONEOS_DEPLOYMENT_TARGET = 8.3;
				MTL_ENABLE_DEBUG_INFO = YES;
				ONLY_ACTIVE_ARCH = YES;
				SDKROOT = iphoneos;
				SWIFT_OPTIMIZATION_LEVEL = "-Onone";
				TARGETED_DEVICE_FAMILY = "1,2";
			};
			name = Debug;
		};
		1B4F4C8D1AFEC7A000C61708 /* Release */ = {
			isa = XCBuildConfiguration;
			buildSettings = {
				ALWAYS_SEARCH_USER_PATHS = NO;
				CLANG_CXX_LANGUAGE_STANDARD = "gnu++0x";
				CLANG_CXX_LIBRARY = "libc++";
				CLANG_ENABLE_MODULES = YES;
				CLANG_ENABLE_OBJC_ARC = YES;
				CLANG_WARN_BOOL_CONVERSION = YES;
				CLANG_WARN_CONSTANT_CONVERSION = YES;
				CLANG_WARN_DIRECT_OBJC_ISA_USAGE = YES_ERROR;
				CLANG_WARN_EMPTY_BODY = YES;
				CLANG_WARN_ENUM_CONVERSION = YES;
				CLANG_WARN_INT_CONVERSION = YES;
				CLANG_WARN_OBJC_ROOT_CLASS = YES_ERROR;
				CLANG_WARN_UNREACHABLE_CODE = YES;
				CLANG_WARN__DUPLICATE_METHOD_MATCH = YES;
				"CODE_SIGN_IDENTITY[sdk=iphoneos*]" = "iPhone Developer";
				COPY_PHASE_STRIP = NO;
				DEBUG_INFORMATION_FORMAT = "dwarf-with-dsym";
				ENABLE_NS_ASSERTIONS = NO;
				ENABLE_STRICT_OBJC_MSGSEND = YES;
				GCC_C_LANGUAGE_STANDARD = gnu99;
				GCC_NO_COMMON_BLOCKS = YES;
				GCC_WARN_64_TO_32_BIT_CONVERSION = YES;
				GCC_WARN_ABOUT_RETURN_TYPE = YES_ERROR;
				GCC_WARN_UNDECLARED_SELECTOR = YES;
				GCC_WARN_UNINITIALIZED_AUTOS = YES_AGGRESSIVE;
				GCC_WARN_UNUSED_FUNCTION = YES;
				GCC_WARN_UNUSED_VARIABLE = YES;
				IPHONEOS_DEPLOYMENT_TARGET = 8.3;
				MTL_ENABLE_DEBUG_INFO = NO;
				SDKROOT = iphoneos;
				TARGETED_DEVICE_FAMILY = "1,2";
				VALIDATE_PRODUCT = YES;
			};
			name = Release;
		};
		1B4F4C8F1AFEC7A000C61708 /* Debug */ = {
			isa = XCBuildConfiguration;
			buildSettings = {
				ASSETCATALOG_COMPILER_APPICON_NAME = AppIcon;
				CODE_SIGN_IDENTITY = "iPhone Developer: Do Hyeong Kwon (8RBSXTYP5A)";
				"CODE_SIGN_IDENTITY[sdk=iphoneos*]" = "iPhone Developer: Do Hyeong Kwon (8RBSXTYP5A)";
				FRAMEWORK_SEARCH_PATHS = (
					"$(inherited)",
					"$(PROJECT_DIR)/frameworks",
				);
				INFOPLIST_FILE = Ay/Info.plist;
				LD_RUNPATH_SEARCH_PATHS = "$(inherited) @executable_path/Frameworks";
				PRODUCT_NAME = "$(TARGET_NAME)";
				PROVISIONING_PROFILE = "f6aa0277-70c4-4889-81ce-34e5d6298e99";
				SWIFT_OBJC_BRIDGING_HEADER = Ay/SwiftHeader.h;
			};
			name = Debug;
		};
		1B4F4C901AFEC7A000C61708 /* Release */ = {
			isa = XCBuildConfiguration;
			buildSettings = {
				ASSETCATALOG_COMPILER_APPICON_NAME = AppIcon;
				CODE_SIGN_IDENTITY = "iPhone Developer: Do Hyeong Kwon (8RBSXTYP5A)";
				"CODE_SIGN_IDENTITY[sdk=iphoneos*]" = "iPhone Developer: Do Hyeong Kwon (8RBSXTYP5A)";
				FRAMEWORK_SEARCH_PATHS = (
					"$(inherited)",
					"$(PROJECT_DIR)/frameworks",
				);
				INFOPLIST_FILE = Ay/Info.plist;
				LD_RUNPATH_SEARCH_PATHS = "$(inherited) @executable_path/Frameworks";
				PRODUCT_NAME = "$(TARGET_NAME)";
				PROVISIONING_PROFILE = "f6aa0277-70c4-4889-81ce-34e5d6298e99";
				SWIFT_OBJC_BRIDGING_HEADER = Ay/SwiftHeader.h;
			};
			name = Release;
		};
		1B4F4C921AFEC7A000C61708 /* Debug */ = {
			isa = XCBuildConfiguration;
			buildSettings = {
				BUNDLE_LOADER = "$(TEST_HOST)";
				FRAMEWORK_SEARCH_PATHS = (
					"$(SDKROOT)/Developer/Library/Frameworks",
					"$(inherited)",
				);
				GCC_PREPROCESSOR_DEFINITIONS = (
					"DEBUG=1",
					"$(inherited)",
				);
				INFOPLIST_FILE = AyTests/Info.plist;
				LD_RUNPATH_SEARCH_PATHS = "$(inherited) @executable_path/Frameworks @loader_path/Frameworks";
				PRODUCT_NAME = "$(TARGET_NAME)";
				TEST_HOST = "$(BUILT_PRODUCTS_DIR)/Ay.app/Ay";
			};
			name = Debug;
		};
		1B4F4C931AFEC7A000C61708 /* Release */ = {
			isa = XCBuildConfiguration;
			buildSettings = {
				BUNDLE_LOADER = "$(TEST_HOST)";
				FRAMEWORK_SEARCH_PATHS = (
					"$(SDKROOT)/Developer/Library/Frameworks",
					"$(inherited)",
				);
				INFOPLIST_FILE = AyTests/Info.plist;
				LD_RUNPATH_SEARCH_PATHS = "$(inherited) @executable_path/Frameworks @loader_path/Frameworks";
				PRODUCT_NAME = "$(TARGET_NAME)";
				TEST_HOST = "$(BUILT_PRODUCTS_DIR)/Ay.app/Ay";
			};
			name = Release;
		};
/* End XCBuildConfiguration section */

/* Begin XCConfigurationList section */
		1B4F4C671AFEC79D00C61708 /* Build configuration list for PBXProject "Ay" */ = {
			isa = XCConfigurationList;
			buildConfigurations = (
				1B4F4C8C1AFEC7A000C61708 /* Debug */,
				1B4F4C8D1AFEC7A000C61708 /* Release */,
			);
			defaultConfigurationIsVisible = 0;
			defaultConfigurationName = Release;
		};
		1B4F4C8E1AFEC7A000C61708 /* Build configuration list for PBXNativeTarget "Ay" */ = {
			isa = XCConfigurationList;
			buildConfigurations = (
				1B4F4C8F1AFEC7A000C61708 /* Debug */,
				1B4F4C901AFEC7A000C61708 /* Release */,
			);
			defaultConfigurationIsVisible = 0;
			defaultConfigurationName = Release;
		};
		1B4F4C911AFEC7A000C61708 /* Build configuration list for PBXNativeTarget "AyTests" */ = {
			isa = XCConfigurationList;
			buildConfigurations = (
				1B4F4C921AFEC7A000C61708 /* Debug */,
				1B4F4C931AFEC7A000C61708 /* Release */,
			);
			defaultConfigurationIsVisible = 0;
			defaultConfigurationName = Release;
		};
/* End XCConfigurationList section */

/* Begin XCVersionGroup section */
		1B4F4C731AFEC79F00C61708 /* Ay.xcdatamodeld */ = {
			isa = XCVersionGroup;
			children = (
				1B4F4C741AFEC79F00C61708 /* Ay.xcdatamodel */,
			);
			currentVersion = 1B4F4C741AFEC79F00C61708 /* Ay.xcdatamodel */;
			path = Ay.xcdatamodeld;
			sourceTree = "<group>";
			versionGroupType = wrapper.xcdatamodel;
		};
/* End XCVersionGroup section */
	};
	rootObject = 1B4F4C641AFEC79D00C61708 /* Project object */;
}
